
Microsoft Visual Studio Solution File, Format Version 12.00
# Visual Studio Version 17
VisualStudioVersion = 17.1.32210.238
MinimumVisualStudioVersion = 10.0.40219.1
Project("{FAE04EC0-301F-11D3-BF4B-00C04F79EFBC}") = "NotePad", "NotePad\NotePad.csproj", "{71515330-26A2-44E5-9D0D-665727A84AFA}"
EndProject
Global
	GlobalSection(SolutionConfigurationPlatforms) = preSolution
		Debug|Any CPU = Debug|Any CPU
		Release|Any CPU = Release|Any CPU
	EndGlobalSection
	GlobalSection(ProjectConfigurationPlatforms) = postSolution
		{71515330-26A2-44E5-9D0D-665727A84AFA}.Debug|Any CPU.ActiveCfg = Debug|Any CPU
		{71515330-26A2-44E5-9D0D-665727A84AFA}.Debug|Any CPU.Build.0 = Debug|Any CPU
		{71515330-26A2-44E5-9D0D-665727A84AFA}.Release|Any CPU.ActiveCfg = Release|Any CPU
		{71515330-26A2-44E5-9D0D-665727A84AFA}.Release|Any CPU.Build.0 = Release|Any CPU
	EndGlobalSection
	GlobalSection(SolutionProperties) = preSolution
		HideSolutionNode = FALSE
	EndGlobalSection
	GlobalSection(ExtensibilityGlobals) = postSolution
		SolutionGuid = {C0BF6C2C-2BC2-44E1-96BA-8053F303A7D5}
	EndGlobalSection
EndGlobal
